// !$*UTF8*$!
{
	archiveVersion = 1;
	classes = {
	};
	objectVersion = 46;
	objects = {

/* Begin PBXBuildFile section */
		E10D280C1A28E3DB00B18150 /* WatchKit.framework in Frameworks */ = {isa = PBXBuildFile; fileRef = E10D280B1A28E3DB00B18150 /* WatchKit.framework */; };
		E10D28111A28E3DB00B18150 /* InterfaceController.swift in Sources */ = {isa = PBXBuildFile; fileRef = E10D28101A28E3DB00B18150 /* InterfaceController.swift */; };
		E10D28131A28E3DB00B18150 /* Images.xcassets in Resources */ = {isa = PBXBuildFile; fileRef = E10D28121A28E3DB00B18150 /* Images.xcassets */; };
		E10D28171A28E3DB00B18150 /* ios Watch App.app in Resources */ = {isa = PBXBuildFile; fileRef = E10D28161A28E3DB00B18150 /* ios Watch App.app */; };
		E10D281E1A28E3DB00B18150 /* Interface.storyboard in Resources */ = {isa = PBXBuildFile; fileRef = E10D281D1A28E3DB00B18150 /* Interface.storyboard */; };
		E10D28201A28E3DB00B18150 /* Images.xcassets in Resources */ = {isa = PBXBuildFile; fileRef = E10D281F1A28E3DB00B18150 /* Images.xcassets */; };
		E10D28231A28E3DB00B18150 /* ios WatchKit Extension.appex in Embed App Extensions */ = {isa = PBXBuildFile; fileRef = E10D28091A28E3DB00B18150 /* ios WatchKit Extension.appex */; settings = {ATTRIBUTES = (RemoveHeadersOnCopy, ); }; };
		E1D4F9851A253540005E1CD5 /* AppDelegate.swift in Sources */ = {isa = PBXBuildFile; fileRef = E1D4F9841A253540005E1CD5 /* AppDelegate.swift */; };
		E1D4F9871A253540005E1CD5 /* ViewController.swift in Sources */ = {isa = PBXBuildFile; fileRef = E1D4F9861A253540005E1CD5 /* ViewController.swift */; };
		E1D4F98A1A253540005E1CD5 /* Main.storyboard in Resources */ = {isa = PBXBuildFile; fileRef = E1D4F9881A253540005E1CD5 /* Main.storyboard */; };
		E1D4F98C1A253540005E1CD5 /* Images.xcassets in Resources */ = {isa = PBXBuildFile; fileRef = E1D4F98B1A253540005E1CD5 /* Images.xcassets */; };
		E1D4F98F1A253540005E1CD5 /* LaunchScreen.xib in Resources */ = {isa = PBXBuildFile; fileRef = E1D4F98D1A253540005E1CD5 /* LaunchScreen.xib */; };
		E1D4F99B1A253540005E1CD5 /* iosTests.swift in Sources */ = {isa = PBXBuildFile; fileRef = E1D4F99A1A253540005E1CD5 /* iosTests.swift */; };
		E1D4F9A51A253755005E1CD5 /* Alamofire.swift in Sources */ = {isa = PBXBuildFile; fileRef = E1D4F9A41A253755005E1CD5 /* Alamofire.swift */; };
		E1D4F9A71A253762005E1CD5 /* Api.swift in Sources */ = {isa = PBXBuildFile; fileRef = E1D4F9A61A253762005E1CD5 /* Api.swift */; };
/* End PBXBuildFile section */

/* Begin PBXContainerItemProxy section */
		E10D28181A28E3DB00B18150 /* PBXContainerItemProxy */ = {
			isa = PBXContainerItemProxy;
			containerPortal = E1D4F9771A253540005E1CD5 /* Project object */;
			proxyType = 1;
			remoteGlobalIDString = E10D28151A28E3DB00B18150;
			remoteInfo = "ios Watch App";
		};
		E10D28211A28E3DB00B18150 /* PBXContainerItemProxy */ = {
			isa = PBXContainerItemProxy;
			containerPortal = E1D4F9771A253540005E1CD5 /* Project object */;
			proxyType = 1;
			remoteGlobalIDString = E10D28081A28E3DB00B18150;
			remoteInfo = "ios WatchKit Extension";
		};
		E1D4F9951A253540005E1CD5 /* PBXContainerItemProxy */ = {
			isa = PBXContainerItemProxy;
			containerPortal = E1D4F9771A253540005E1CD5 /* Project object */;
			proxyType = 1;
			remoteGlobalIDString = E1D4F97E1A253540005E1CD5;
			remoteInfo = ios;
		};
/* End PBXContainerItemProxy section */

/* Begin PBXCopyFilesBuildPhase section */
		E10D282A1A28E3DB00B18150 /* Embed App Extensions */ = {
			isa = PBXCopyFilesBuildPhase;
			buildActionMask = 2147483647;
			dstPath = "";
			dstSubfolderSpec = 13;
			files = (
				E10D28231A28E3DB00B18150 /* ios WatchKit Extension.appex in Embed App Extensions */,
			);
			name = "Embed App Extensions";
			runOnlyForDeploymentPostprocessing = 0;
		};
/* End PBXCopyFilesBuildPhase section */

/* Begin PBXFileReference section */
		E10D28091A28E3DB00B18150 /* ios WatchKit Extension.appex */ = {isa = PBXFileReference; explicitFileType = "wrapper.app-extension"; includeInIndex = 0; path = "ios WatchKit Extension.appex"; sourceTree = BUILT_PRODUCTS_DIR; };
		E10D280B1A28E3DB00B18150 /* WatchKit.framework */ = {isa = PBXFileReference; lastKnownFileType = wrapper.framework; name = WatchKit.framework; path = System/Library/Frameworks/WatchKit.framework; sourceTree = SDKROOT; };
		E10D280F1A28E3DB00B18150 /* Info.plist */ = {isa = PBXFileReference; lastKnownFileType = text.plist.xml; path = Info.plist; sourceTree = "<group>"; };
		E10D28101A28E3DB00B18150 /* InterfaceController.swift */ = {isa = PBXFileReference; lastKnownFileType = sourcecode.swift; path = InterfaceController.swift; sourceTree = "<group>"; };
		E10D28121A28E3DB00B18150 /* Images.xcassets */ = {isa = PBXFileReference; lastKnownFileType = folder.assetcatalog; path = Images.xcassets; sourceTree = "<group>"; };
		E10D28161A28E3DB00B18150 /* ios Watch App.app */ = {isa = PBXFileReference; explicitFileType = wrapper.application; includeInIndex = 0; path = "ios Watch App.app"; sourceTree = BUILT_PRODUCTS_DIR; };
		E10D281C1A28E3DB00B18150 /* Info.plist */ = {isa = PBXFileReference; lastKnownFileType = text.plist.xml; path = Info.plist; sourceTree = "<group>"; };
		E10D281D1A28E3DB00B18150 /* Interface.storyboard */ = {isa = PBXFileReference; lastKnownFileType = file.storyboard; path = Interface.storyboard; sourceTree = "<group>"; };
		E10D281F1A28E3DB00B18150 /* Images.xcassets */ = {isa = PBXFileReference; lastKnownFileType = folder.assetcatalog; path = Images.xcassets; sourceTree = "<group>"; };
		E1D4F97F1A253540005E1CD5 /* ios.app */ = {isa = PBXFileReference; explicitFileType = wrapper.application; includeInIndex = 0; path = ios.app; sourceTree = BUILT_PRODUCTS_DIR; };
		E1D4F9831A253540005E1CD5 /* Info.plist */ = {isa = PBXFileReference; lastKnownFileType = text.plist.xml; path = Info.plist; sourceTree = "<group>"; };
		E1D4F9841A253540005E1CD5 /* AppDelegate.swift */ = {isa = PBXFileReference; lastKnownFileType = sourcecode.swift; path = AppDelegate.swift; sourceTree = "<group>"; };
		E1D4F9861A253540005E1CD5 /* ViewController.swift */ = {isa = PBXFileReference; lastKnownFileType = sourcecode.swift; path = ViewController.swift; sourceTree = "<group>"; };
		E1D4F9891A253540005E1CD5 /* Base */ = {isa = PBXFileReference; lastKnownFileType = file.storyboard; name = Base; path = Base.lproj/Main.storyboard; sourceTree = "<group>"; };
		E1D4F98B1A253540005E1CD5 /* Images.xcassets */ = {isa = PBXFileReference; lastKnownFileType = folder.assetcatalog; path = Images.xcassets; sourceTree = "<group>"; };
		E1D4F98E1A253540005E1CD5 /* Base */ = {isa = PBXFileReference; lastKnownFileType = file.xib; name = Base; path = Base.lproj/LaunchScreen.xib; sourceTree = "<group>"; };
		E1D4F9941A253540005E1CD5 /* iosTests.xctest */ = {isa = PBXFileReference; explicitFileType = wrapper.cfbundle; includeInIndex = 0; path = iosTests.xctest; sourceTree = BUILT_PRODUCTS_DIR; };
		E1D4F9991A253540005E1CD5 /* Info.plist */ = {isa = PBXFileReference; lastKnownFileType = text.plist.xml; path = Info.plist; sourceTree = "<group>"; };
		E1D4F99A1A253540005E1CD5 /* iosTests.swift */ = {isa = PBXFileReference; lastKnownFileType = sourcecode.swift; path = iosTests.swift; sourceTree = "<group>"; };
		E1D4F9A41A253755005E1CD5 /* Alamofire.swift */ = {isa = PBXFileReference; fileEncoding = 4; lastKnownFileType = sourcecode.swift; path = Alamofire.swift; sourceTree = "<group>"; };
		E1D4F9A61A253762005E1CD5 /* Api.swift */ = {isa = PBXFileReference; fileEncoding = 4; lastKnownFileType = sourcecode.swift; path = Api.swift; sourceTree = "<group>"; };
		E1D4F9A81A2538D6005E1CD5 /* ios-Bridging-Header.h */ = {isa = PBXFileReference; lastKnownFileType = sourcecode.c.h; path = "ios-Bridging-Header.h"; sourceTree = "<group>"; };
/* End PBXFileReference section */

/* Begin PBXFrameworksBuildPhase section */
		E10D28061A28E3DB00B18150 /* Frameworks */ = {
			isa = PBXFrameworksBuildPhase;
			buildActionMask = 2147483647;
			files = (
				E10D280C1A28E3DB00B18150 /* WatchKit.framework in Frameworks */,
			);
			runOnlyForDeploymentPostprocessing = 0;
		};
		E1D4F97C1A253540005E1CD5 /* Frameworks */ = {
			isa = PBXFrameworksBuildPhase;
			buildActionMask = 2147483647;
			files = (
			);
			runOnlyForDeploymentPostprocessing = 0;
		};
		E1D4F9911A253540005E1CD5 /* Frameworks */ = {
			isa = PBXFrameworksBuildPhase;
			buildActionMask = 2147483647;
			files = (
			);
			runOnlyForDeploymentPostprocessing = 0;
		};
/* End PBXFrameworksBuildPhase section */

/* Begin PBXGroup section */
		E10D280A1A28E3DB00B18150 /* Frameworks */ = {
			isa = PBXGroup;
			children = (
				E10D280B1A28E3DB00B18150 /* WatchKit.framework */,
			);
			name = Frameworks;
			sourceTree = "<group>";
		};
		E10D280D1A28E3DB00B18150 /* ios WatchKit Extension */ = {
			isa = PBXGroup;
			children = (
				E10D28101A28E3DB00B18150 /* InterfaceController.swift */,
				E10D28121A28E3DB00B18150 /* Images.xcassets */,
				E10D280E1A28E3DB00B18150 /* Supporting Files */,
			);
			path = "ios WatchKit Extension";
			sourceTree = "<group>";
		};
		E10D280E1A28E3DB00B18150 /* Supporting Files */ = {
			isa = PBXGroup;
			children = (
				E10D280F1A28E3DB00B18150 /* Info.plist */,
			);
			name = "Supporting Files";
			sourceTree = "<group>";
		};
		E10D281A1A28E3DB00B18150 /* ios Watch App */ = {
			isa = PBXGroup;
			children = (
				E10D281D1A28E3DB00B18150 /* Interface.storyboard */,
				E10D281F1A28E3DB00B18150 /* Images.xcassets */,
				E10D281B1A28E3DB00B18150 /* Supporting Files */,
			);
			path = "ios Watch App";
			sourceTree = "<group>";
		};
		E10D281B1A28E3DB00B18150 /* Supporting Files */ = {
			isa = PBXGroup;
			children = (
				E10D281C1A28E3DB00B18150 /* Info.plist */,
			);
			name = "Supporting Files";
			sourceTree = "<group>";
		};
		E1D4F9761A253540005E1CD5 = {
			isa = PBXGroup;
			children = (
				E1D4F9811A253540005E1CD5 /* ios */,
				E1D4F9971A253540005E1CD5 /* iosTests */,
				E10D280D1A28E3DB00B18150 /* ios WatchKit Extension */,
				E10D281A1A28E3DB00B18150 /* ios Watch App */,
				E10D280A1A28E3DB00B18150 /* Frameworks */,
				E1D4F9801A253540005E1CD5 /* Products */,
			);
			sourceTree = "<group>";
		};
		E1D4F9801A253540005E1CD5 /* Products */ = {
			isa = PBXGroup;
			children = (
				E1D4F97F1A253540005E1CD5 /* ios.app */,
				E1D4F9941A253540005E1CD5 /* iosTests.xctest */,
				E10D28091A28E3DB00B18150 /* ios WatchKit Extension.appex */,
				E10D28161A28E3DB00B18150 /* ios Watch App.app */,
			);
			name = Products;
			sourceTree = "<group>";
		};
		E1D4F9811A253540005E1CD5 /* ios */ = {
			isa = PBXGroup;
			children = (
				E1D4F9841A253540005E1CD5 /* AppDelegate.swift */,
				E1D4F9861A253540005E1CD5 /* ViewController.swift */,
				E1D4F9A41A253755005E1CD5 /* Alamofire.swift */,
				E1D4F9A61A253762005E1CD5 /* Api.swift */,
				E1D4F9881A253540005E1CD5 /* Main.storyboard */,
				E1D4F98B1A253540005E1CD5 /* Images.xcassets */,
				E1D4F98D1A253540005E1CD5 /* LaunchScreen.xib */,
				E1D4F9821A253540005E1CD5 /* Supporting Files */,
				E1D4F9A81A2538D6005E1CD5 /* ios-Bridging-Header.h */,
			);
			path = ios;
			sourceTree = "<group>";
		};
		E1D4F9821A253540005E1CD5 /* Supporting Files */ = {
			isa = PBXGroup;
			children = (
				E1D4F9831A253540005E1CD5 /* Info.plist */,
			);
			name = "Supporting Files";
			sourceTree = "<group>";
		};
		E1D4F9971A253540005E1CD5 /* iosTests */ = {
			isa = PBXGroup;
			children = (
				E1D4F99A1A253540005E1CD5 /* iosTests.swift */,
				E1D4F9981A253540005E1CD5 /* Supporting Files */,
			);
			path = iosTests;
			sourceTree = "<group>";
		};
		E1D4F9981A253540005E1CD5 /* Supporting Files */ = {
			isa = PBXGroup;
			children = (
				E1D4F9991A253540005E1CD5 /* Info.plist */,
			);
			name = "Supporting Files";
			sourceTree = "<group>";
		};
/* End PBXGroup section */

/* Begin PBXNativeTarget section */
		E10D28081A28E3DB00B18150 /* ios WatchKit Extension */ = {
			isa = PBXNativeTarget;
			buildConfigurationList = E10D28291A28E3DB00B18150 /* Build configuration list for PBXNativeTarget "ios WatchKit Extension" */;
			buildPhases = (
				E10D28051A28E3DB00B18150 /* Sources */,
				E10D28061A28E3DB00B18150 /* Frameworks */,
				E10D28071A28E3DB00B18150 /* Resources */,
			);
			buildRules = (
			);
			dependencies = (
				E10D28191A28E3DB00B18150 /* PBXTargetDependency */,
			);
			name = "ios WatchKit Extension";
			productName = "ios WatchKit Extension";
			productReference = E10D28091A28E3DB00B18150 /* ios WatchKit Extension.appex */;
			productType = "com.apple.product-type.watchkit-extension";
		};
		E10D28151A28E3DB00B18150 /* ios Watch App */ = {
			isa = PBXNativeTarget;
			buildConfigurationList = E10D28281A28E3DB00B18150 /* Build configuration list for PBXNativeTarget "ios Watch App" */;
			buildPhases = (
				E10D28141A28E3DB00B18150 /* Resources */,
			);
			buildRules = (
			);
			dependencies = (
			);
			name = "ios Watch App";
			productName = "ios Watch App";
			productReference = E10D28161A28E3DB00B18150 /* ios Watch App.app */;
			productType = "com.apple.product-type.application.watchapp";
		};
		E1D4F97E1A253540005E1CD5 /* ios */ = {
			isa = PBXNativeTarget;
			buildConfigurationList = E1D4F99E1A253540005E1CD5 /* Build configuration list for PBXNativeTarget "ios" */;
			buildPhases = (
				E1D4F97B1A253540005E1CD5 /* Sources */,
				E1D4F97C1A253540005E1CD5 /* Frameworks */,
				E1D4F97D1A253540005E1CD5 /* Resources */,
				E10D282A1A28E3DB00B18150 /* Embed App Extensions */,
			);
			buildRules = (
			);
			dependencies = (
				E10D28221A28E3DB00B18150 /* PBXTargetDependency */,
			);
			name = ios;
			productName = ios;
			productReference = E1D4F97F1A253540005E1CD5 /* ios.app */;
			productType = "com.apple.product-type.application";
		};
		E1D4F9931A253540005E1CD5 /* iosTests */ = {
			isa = PBXNativeTarget;
			buildConfigurationList = E1D4F9A11A253540005E1CD5 /* Build configuration list for PBXNativeTarget "iosTests" */;
			buildPhases = (
				E1D4F9901A253540005E1CD5 /* Sources */,
				E1D4F9911A253540005E1CD5 /* Frameworks */,
				E1D4F9921A253540005E1CD5 /* Resources */,
			);
			buildRules = (
			);
			dependencies = (
				E1D4F9961A253540005E1CD5 /* PBXTargetDependency */,
			);
			name = iosTests;
			productName = iosTests;
			productReference = E1D4F9941A253540005E1CD5 /* iosTests.xctest */;
			productType = "com.apple.product-type.bundle.unit-test";
		};
/* End PBXNativeTarget section */

/* Begin PBXProject section */
		E1D4F9771A253540005E1CD5 /* Project object */ = {
			isa = PBXProject;
			attributes = {
				LastUpgradeCheck = 0610;
				ORGANIZATIONNAME = vonsai;
				TargetAttributes = {
					E10D28081A28E3DB00B18150 = {
						CreatedOnToolsVersion = 6.2;
					};
					E10D28151A28E3DB00B18150 = {
						CreatedOnToolsVersion = 6.2;
					};
					E1D4F97E1A253540005E1CD5 = {
						CreatedOnToolsVersion = 6.1;
					};
					E1D4F9931A253540005E1CD5 = {
						CreatedOnToolsVersion = 6.1;
						TestTargetID = E1D4F97E1A253540005E1CD5;
					};
				};
			};
			buildConfigurationList = E1D4F97A1A253540005E1CD5 /* Build configuration list for PBXProject "ios" */;
			compatibilityVersion = "Xcode 3.2";
			developmentRegion = English;
			hasScannedForEncodings = 0;
			knownRegions = (
				en,
				Base,
			);
			mainGroup = E1D4F9761A253540005E1CD5;
			productRefGroup = E1D4F9801A253540005E1CD5 /* Products */;
			projectDirPath = "";
			projectRoot = "";
			targets = (
				E1D4F97E1A253540005E1CD5 /* ios */,
				E1D4F9931A253540005E1CD5 /* iosTests */,
				E10D28081A28E3DB00B18150 /* ios WatchKit Extension */,
				E10D28151A28E3DB00B18150 /* ios Watch App */,
			);
		};
/* End PBXProject section */

/* Begin PBXResourcesBuildPhase section */
		E10D28071A28E3DB00B18150 /* Resources */ = {
			isa = PBXResourcesBuildPhase;
			buildActionMask = 2147483647;
			files = (
				E10D28131A28E3DB00B18150 /* Images.xcassets in Resources */,
				E10D28171A28E3DB00B18150 /* ios Watch App.app in Resources */,
			);
			runOnlyForDeploymentPostprocessing = 0;
		};
		E10D28141A28E3DB00B18150 /* Resources */ = {
			isa = PBXResourcesBuildPhase;
			buildActionMask = 2147483647;
			files = (
				E10D281E1A28E3DB00B18150 /* Interface.storyboard in Resources */,
				E10D28201A28E3DB00B18150 /* Images.xcassets in Resources */,
			);
			runOnlyForDeploymentPostprocessing = 0;
		};
		E1D4F97D1A253540005E1CD5 /* Resources */ = {
			isa = PBXResourcesBuildPhase;
			buildActionMask = 2147483647;
			files = (
				E1D4F98A1A253540005E1CD5 /* Main.storyboard in Resources */,
				E1D4F98F1A253540005E1CD5 /* LaunchScreen.xib in Resources */,
				E1D4F98C1A253540005E1CD5 /* Images.xcassets in Resources */,
			);
			runOnlyForDeploymentPostprocessing = 0;
		};
		E1D4F9921A253540005E1CD5 /* Resources */ = {
			isa = PBXResourcesBuildPhase;
			buildActionMask = 2147483647;
			files = (
			);
			runOnlyForDeploymentPostprocessing = 0;
		};
/* End PBXResourcesBuildPhase section */

/* Begin PBXSourcesBuildPhase section */
		E10D28051A28E3DB00B18150 /* Sources */ = {
			isa = PBXSourcesBuildPhase;
			buildActionMask = 2147483647;
			files = (
				E10D28111A28E3DB00B18150 /* InterfaceController.swift in Sources */,
			);
			runOnlyForDeploymentPostprocessing = 0;
		};
		E1D4F97B1A253540005E1CD5 /* Sources */ = {
			isa = PBXSourcesBuildPhase;
			buildActionMask = 2147483647;
			files = (
				E1D4F9A51A253755005E1CD5 /* Alamofire.swift in Sources */,
				E1D4F9871A253540005E1CD5 /* ViewController.swift in Sources */,
				E1D4F9A71A253762005E1CD5 /* Api.swift in Sources */,
				E1D4F9851A253540005E1CD5 /* AppDelegate.swift in Sources */,
			);
			runOnlyForDeploymentPostprocessing = 0;
		};
		E1D4F9901A253540005E1CD5 /* Sources */ = {
			isa = PBXSourcesBuildPhase;
			buildActionMask = 2147483647;
			files = (
				E1D4F99B1A253540005E1CD5 /* iosTests.swift in Sources */,
			);
			runOnlyForDeploymentPostprocessing = 0;
		};
/* End PBXSourcesBuildPhase section */

/* Begin PBXTargetDependency section */
		E10D28191A28E3DB00B18150 /* PBXTargetDependency */ = {
			isa = PBXTargetDependency;
			target = E10D28151A28E3DB00B18150 /* ios Watch App */;
			targetProxy = E10D28181A28E3DB00B18150 /* PBXContainerItemProxy */;
		};
		E10D28221A28E3DB00B18150 /* PBXTargetDependency */ = {
			isa = PBXTargetDependency;
			target = E10D28081A28E3DB00B18150 /* ios WatchKit Extension */;
			targetProxy = E10D28211A28E3DB00B18150 /* PBXContainerItemProxy */;
		};
		E1D4F9961A253540005E1CD5 /* PBXTargetDependency */ = {
			isa = PBXTargetDependency;
			target = E1D4F97E1A253540005E1CD5 /* ios */;
			targetProxy = E1D4F9951A253540005E1CD5 /* PBXContainerItemProxy */;
		};
/* End PBXTargetDependency section */

/* Begin PBXVariantGroup section */
		E1D4F9881A253540005E1CD5 /* Main.storyboard */ = {
			isa = PBXVariantGroup;
			children = (
				E1D4F9891A253540005E1CD5 /* Base */,
			);
			name = Main.storyboard;
			sourceTree = "<group>";
		};
		E1D4F98D1A253540005E1CD5 /* LaunchScreen.xib */ = {
			isa = PBXVariantGroup;
			children = (
				E1D4F98E1A253540005E1CD5 /* Base */,
			);
			name = LaunchScreen.xib;
			sourceTree = "<group>";
		};
/* End PBXVariantGroup section */

/* Begin XCBuildConfiguration section */
		E10D28241A28E3DB00B18150 /* Debug */ = {
			isa = XCBuildConfiguration;
			buildSettings = {
				GCC_PREPROCESSOR_DEFINITIONS = (
					"DEBUG=1",
					"$(inherited)",
				);
				INFOPLIST_FILE = "ios WatchKit Extension/Info.plist";
				IPHONEOS_DEPLOYMENT_TARGET = 8.2;
				LD_RUNPATH_SEARCH_PATHS = "$(inherited) @executable_path/Frameworks @executable_path/../../Frameworks";
				PRODUCT_NAME = "${TARGET_NAME}";
				SKIP_INSTALL = YES;
			};
			name = Debug;
		};
		E10D28251A28E3DB00B18150 /* Release */ = {
			isa = XCBuildConfiguration;
			buildSettings = {
				INFOPLIST_FILE = "ios WatchKit Extension/Info.plist";
				IPHONEOS_DEPLOYMENT_TARGET = 8.2;
				LD_RUNPATH_SEARCH_PATHS = "$(inherited) @executable_path/Frameworks @executable_path/../../Frameworks";
				PRODUCT_NAME = "${TARGET_NAME}";
				SKIP_INSTALL = YES;
			};
			name = Release;
		};
		E10D28261A28E3DB00B18150 /* Debug */ = {
			isa = XCBuildConfiguration;
			buildSettings = {
				ASSETCATALOG_COMPILER_APPICON_NAME = AppIcon;
				ASSETCATALOG_COMPILER_LAUNCHIMAGE_NAME = LaunchImage;
				GCC_PREPROCESSOR_DEFINITIONS = (
					"DEBUG=1",
					"$(inherited)",
				);
				IBSC_MODULE = ios_WatchKit_Extension;
				INFOPLIST_FILE = "ios Watch App/Info.plist";
				IPHONEOS_DEPLOYMENT_TARGET = 8.2;
				PRODUCT_NAME = "$(TARGET_NAME)";
				SKIP_INSTALL = YES;
				TARGETED_DEVICE_FAMILY = 4;
				"TARGETED_DEVICE_FAMILY[sdk=iphonesimulator*]" = "1,4";
			};
			name = Debug;
		};
		E10D28271A28E3DB00B18150 /* Release */ = {
			isa = XCBuildConfiguration;
			buildSettings = {
				ASSETCATALOG_COMPILER_APPICON_NAME = AppIcon;
				ASSETCATALOG_COMPILER_LAUNCHIMAGE_NAME = LaunchImage;
				IBSC_MODULE = ios_WatchKit_Extension;
				INFOPLIST_FILE = "ios Watch App/Info.plist";
				IPHONEOS_DEPLOYMENT_TARGET = 8.2;
				PRODUCT_NAME = "$(TARGET_NAME)";
				SKIP_INSTALL = YES;
				TARGETED_DEVICE_FAMILY = 4;
				"TARGETED_DEVICE_FAMILY[sdk=iphonesimulator*]" = "1,4";
			};
			name = Release;
		};
		E1D4F99C1A253540005E1CD5 /* Debug */ = {
			isa = XCBuildConfiguration;
			buildSettings = {
				ALWAYS_SEARCH_USER_PATHS = NO;
				CLANG_CXX_LANGUAGE_STANDARD = "gnu++0x";
				CLANG_CXX_LIBRARY = "libc++";
				CLANG_ENABLE_MODULES = YES;
				CLANG_ENABLE_OBJC_ARC = YES;
				CLANG_WARN_BOOL_CONVERSION = YES;
				CLANG_WARN_CONSTANT_CONVERSION = YES;
				CLANG_WARN_DIRECT_OBJC_ISA_USAGE = YES_ERROR;
				CLANG_WARN_EMPTY_BODY = YES;
				CLANG_WARN_ENUM_CONVERSION = YES;
				CLANG_WARN_INT_CONVERSION = YES;
				CLANG_WARN_OBJC_ROOT_CLASS = YES_ERROR;
				CLANG_WARN_UNREACHABLE_CODE = YES;
				CLANG_WARN__DUPLICATE_METHOD_MATCH = YES;
				"CODE_SIGN_IDENTITY[sdk=iphoneos*]" = "iPhone Developer";
				COPY_PHASE_STRIP = NO;
				ENABLE_STRICT_OBJC_MSGSEND = YES;
				GCC_C_LANGUAGE_STANDARD = gnu99;
				GCC_DYNAMIC_NO_PIC = NO;
				GCC_OPTIMIZATION_LEVEL = 0;
				GCC_PREPROCESSOR_DEFINITIONS = (
					"DEBUG=1",
					"$(inherited)",
				);
				GCC_SYMBOLS_PRIVATE_EXTERN = NO;
				GCC_WARN_64_TO_32_BIT_CONVERSION = YES;
				GCC_WARN_ABOUT_RETURN_TYPE = YES_ERROR;
				GCC_WARN_UNDECLARED_SELECTOR = YES;
				GCC_WARN_UNINITIALIZED_AUTOS = YES_AGGRESSIVE;
				GCC_WARN_UNUSED_FUNCTION = YES;
				GCC_WARN_UNUSED_VARIABLE = YES;
				IPHONEOS_DEPLOYMENT_TARGET = 8.1;
				MTL_ENABLE_DEBUG_INFO = YES;
				ONLY_ACTIVE_ARCH = YES;
				SDKROOT = iphoneos;
				SWIFT_OPTIMIZATION_LEVEL = "-Onone";
				TARGETED_DEVICE_FAMILY = "1,2";
			};
			name = Debug;
		};
		E1D4F99D1A253540005E1CD5 /* Release */ = {
			isa = XCBuildConfiguration;
			buildSettings = {
				ALWAYS_SEARCH_USER_PATHS = NO;
				CLANG_CXX_LANGUAGE_STANDARD = "gnu++0x";
				CLANG_CXX_LIBRARY = "libc++";
				CLANG_ENABLE_MODULES = YES;
				CLANG_ENABLE_OBJC_ARC = YES;
				CLANG_WARN_BOOL_CONVERSION = YES;
				CLANG_WARN_CONSTANT_CONVERSION = YES;
				CLANG_WARN_DIRECT_OBJC_ISA_USAGE = YES_ERROR;
				CLANG_WARN_EMPTY_BODY = YES;
				CLANG_WARN_ENUM_CONVERSION = YES;
				CLANG_WARN_INT_CONVERSION = YES;
				CLANG_WARN_OBJC_ROOT_CLASS = YES_ERROR;
				CLANG_WARN_UNREACHABLE_CODE = YES;
				CLANG_WARN__DUPLICATE_METHOD_MATCH = YES;
				"CODE_SIGN_IDENTITY[sdk=iphoneos*]" = "iPhone Developer";
				COPY_PHASE_STRIP = YES;
				ENABLE_NS_ASSERTIONS = NO;
				ENABLE_STRICT_OBJC_MSGSEND = YES;
				GCC_C_LANGUAGE_STANDARD = gnu99;
				GCC_WARN_64_TO_32_BIT_CONVERSION = YES;
				GCC_WARN_ABOUT_RETURN_TYPE = YES_ERROR;
				GCC_WARN_UNDECLARED_SELECTOR = YES;
				GCC_WARN_UNINITIALIZED_AUTOS = YES_AGGRESSIVE;
				GCC_WARN_UNUSED_FUNCTION = YES;
				GCC_WARN_UNUSED_VARIABLE = YES;
				IPHONEOS_DEPLOYMENT_TARGET = 8.1;
				MTL_ENABLE_DEBUG_INFO = NO;
				SDKROOT = iphoneos;
				TARGETED_DEVICE_FAMILY = "1,2";
				VALIDATE_PRODUCT = YES;
			};
			name = Release;
		};
		E1D4F99F1A253540005E1CD5 /* Debug */ = {
			isa = XCBuildConfiguration;
			buildSettings = {
				ASSETCATALOG_COMPILER_APPICON_NAME = AppIcon;
				CLANG_ENABLE_MODULES = YES;
				EMBEDDED_CONTENT_CONTAINS_SWIFT = YES;
				INFOPLIST_FILE = ios/Info.plist;
				LD_RUNPATH_SEARCH_PATHS = "$(inherited) @executable_path/Frameworks";
				PRODUCT_NAME = "$(TARGET_NAME)";
				SWIFT_OBJC_BRIDGING_HEADER = "ios/ios-Bridging-Header.h";
				SWIFT_OPTIMIZATION_LEVEL = "-Onone";
			};
			name = Debug;
		};
		E1D4F9A01A253540005E1CD5 /* Release */ = {
			isa = XCBuildConfiguration;
			buildSettings = {
				ASSETCATALOG_COMPILER_APPICON_NAME = AppIcon;
				CLANG_ENABLE_MODULES = YES;
				EMBEDDED_CONTENT_CONTAINS_SWIFT = YES;
				INFOPLIST_FILE = ios/Info.plist;
				LD_RUNPATH_SEARCH_PATHS = "$(inherited) @executable_path/Frameworks";
				PRODUCT_NAME = "$(TARGET_NAME)";
				SWIFT_OBJC_BRIDGING_HEADER = "ios/ios-Bridging-Header.h";
			};
			name = Release;
		};
		E1D4F9A21A253540005E1CD5 /* Debug */ = {
			isa = XCBuildConfiguration;
			buildSettings = {
				BUNDLE_LOADER = "$(TEST_HOST)";
				FRAMEWORK_SEARCH_PATHS = (
					"$(SDKROOT)/Developer/Library/Frameworks",
					"$(inherited)",
				);
				GCC_PREPROCESSOR_DEFINITIONS = (
					"DEBUG=1",
					"$(inherited)",
				);
				INFOPLIST_FILE = iosTests/Info.plist;
				LD_RUNPATH_SEARCH_PATHS = "$(inherited) @executable_path/Frameworks @loader_path/Frameworks";
				PRODUCT_NAME = "$(TARGET_NAME)";
				TEST_HOST = "$(BUILT_PRODUCTS_DIR)/ios.app/ios";
			};
			name = Debug;
		};
		E1D4F9A31A253540005E1CD5 /* Release */ = {
			isa = XCBuildConfiguration;
			buildSettings = {
				BUNDLE_LOADER = "$(TEST_HOST)";
				FRAMEWORK_SEARCH_PATHS = (
					"$(SDKROOT)/Developer/Library/Frameworks",
					"$(inherited)",
				);
				INFOPLIST_FILE = iosTests/Info.plist;
				LD_RUNPATH_SEARCH_PATHS = "$(inherited) @executable_path/Frameworks @loader_path/Frameworks";
				PRODUCT_NAME = "$(TARGET_NAME)";
				TEST_HOST = "$(BUILT_PRODUCTS_DIR)/ios.app/ios";
			};
			name = Release;
		};
/* End XCBuildConfiguration section */

/* Begin XCConfigurationList section */
		E10D28281A28E3DB00B18150 /* Build configuration list for PBXNativeTarget "ios Watch App" */ = {
			isa = XCConfigurationList;
			buildConfigurations = (
				E10D28261A28E3DB00B18150 /* Debug */,
				E10D28271A28E3DB00B18150 /* Release */,
			);
			defaultConfigurationIsVisible = 0;
		};
		E10D28291A28E3DB00B18150 /* Build configuration list for PBXNativeTarget "ios WatchKit Extension" */ = {
			isa = XCConfigurationList;
			buildConfigurations = (
				E10D28241A28E3DB00B18150 /* Debug */,
				E10D28251A28E3DB00B18150 /* Release */,
			);
			defaultConfigurationIsVisible = 0;
		};
		E1D4F97A1A253540005E1CD5 /* Build configuration list for PBXProject "ios" */ = {
			isa = XCConfigurationList;
			buildConfigurations = (
				E1D4F99C1A253540005E1CD5 /* Debug */,
				E1D4F99D1A253540005E1CD5 /* Release */,
			);
			defaultConfigurationIsVisible = 0;
			defaultConfigurationName = Release;
		};
		E1D4F99E1A253540005E1CD5 /* Build configuration list for PBXNativeTarget "ios" */ = {
			isa = XCConfigurationList;
			buildConfigurations = (
				E1D4F99F1A253540005E1CD5 /* Debug */,
				E1D4F9A01A253540005E1CD5 /* Release */,
			);
			defaultConfigurationIsVisible = 0;
			defaultConfigurationName = Release;
		};
		E1D4F9A11A253540005E1CD5 /* Build configuration list for PBXNativeTarget "iosTests" */ = {
			isa = XCConfigurationList;
			buildConfigurations = (
				E1D4F9A21A253540005E1CD5 /* Debug */,
				E1D4F9A31A253540005E1CD5 /* Release */,
			);
			defaultConfigurationIsVisible = 0;
			defaultConfigurationName = Release;
		};
/* End XCConfigurationList section */
	};
	rootObject = E1D4F9771A253540005E1CD5 /* Project object */;
}
